
Microsoft Visual Studio Solution File, Format Version 12.00
# Visual Studio 15
VisualStudioVersion = 15.0.28307.1433
MinimumVisualStudioVersion = 10.0.40219.1
Project("{FAE04EC0-301F-11D3-BF4B-00C04F79EFBC}") = "Atelier1 G31", "Atelier1 G31\Atelier1 G31.csproj", "{97E69AED-85FE-45D0-9388-09DC13871159}"
EndProject
Project("{FAE04EC0-301F-11D3-BF4B-00C04F79EFBC}") = "UI", "UI\UI.csproj", "{70ECFC58-CCDE-4F00-B9EC-6FC9AF14E7A7}"
EndProject
Global
	GlobalSection(SolutionConfigurationPlatforms) = preSolution
		Debug|Any CPU = Debug|Any CPU
		Release|Any CPU = Release|Any CPU
	EndGlobalSection
	GlobalSection(ProjectConfigurationPlatforms) = postSolution
		{97E69AED-85FE-45D0-9388-09DC13871159}.Debug|Any CPU.ActiveCfg = Debug|Any CPU
		{97E69AED-85FE-45D0-9388-09DC13871159}.Debug|Any CPU.Build.0 = Debug|Any CPU
		{97E69AED-85FE-45D0-9388-09DC13871159}.Release|Any CPU.ActiveCfg = Release|Any CPU
		{97E69AED-85FE-45D0-9388-09DC13871159}.Release|Any CPU.Build.0 = Release|Any CPU
		{70ECFC58-CCDE-4F00-B9EC-6FC9AF14E7A7}.Debug|Any CPU.ActiveCfg = Debug|Any CPU
		{70ECFC58-CCDE-4F00-B9EC-6FC9AF14E7A7}.Debug|Any CPU.Build.0 = Debug|Any CPU
		{70ECFC58-CCDE-4F00-B9EC-6FC9AF14E7A7}.Release|Any CPU.ActiveCfg = Release|Any CPU
		{70ECFC58-CCDE-4F00-B9EC-6FC9AF14E7A7}.Release|Any CPU.Build.0 = Release|Any CPU
	EndGlobalSection
	GlobalSection(SolutionProperties) = preSolution
		HideSolutionNode = FALSE
	EndGlobalSection
	GlobalSection(ExtensibilityGlobals) = postSolution
		SolutionGuid = {C1E2512F-E8DA-4790-B123-E6FAB280BA78}
	EndGlobalSection
EndGlobal
